
Microsoft Visual Studio Solution File, Format Version 12.00
# Visual Studio Version 16
VisualStudioVersion = 16.0.30011.22
MinimumVisualStudioVersion = 10.0.40219.1
Project("{8BC9CEB8-8B4A-11D0-8D11-00A0C91BC942}") = "17_电话号码的字母组合", "17_电话号码的字母组合.vcxproj", "{7110CE42-81DA-4049-8614-CD12DBF34926}"
EndProject
Global
	GlobalSection(SolutionConfigurationPlatforms) = preSolution
		Debug|x64 = Debug|x64
		Debug|x86 = Debug|x86
		Release|x64 = Release|x64
		Release|x86 = Release|x86
	EndGlobalSection
	GlobalSection(ProjectConfigurationPlatforms) = postSolution
		{7110CE42-81DA-4049-8614-CD12DBF34926}.Debug|x64.ActiveCfg = Debug|x64
		{7110CE42-81DA-4049-8614-CD12DBF34926}.Debug|x64.Build.0 = Debug|x64
		{7110CE42-81DA-4049-8614-CD12DBF34926}.Debug|x86.ActiveCfg = Debug|Win32
		{7110CE42-81DA-4049-8614-CD12DBF34926}.Debug|x86.Build.0 = Debug|Win32
		{7110CE42-81DA-4049-8614-CD12DBF34926}.Release|x64.ActiveCfg = Release|x64
		{7110CE42-81DA-4049-8614-CD12DBF34926}.Release|x64.Build.0 = Release|x64
		{7110CE42-81DA-4049-8614-CD12DBF34926}.Release|x86.ActiveCfg = Release|Win32
		{7110CE42-81DA-4049-8614-CD12DBF34926}.Release|x86.Build.0 = Release|Win32
	EndGlobalSection
	GlobalSection(SolutionProperties) = preSolution
		HideSolutionNode = FALSE
	EndGlobalSection
	GlobalSection(ExtensibilityGlobals) = postSolution
		SolutionGuid = {964E6055-396C-4FC6-824A-0339EA57FDA3}
	EndGlobalSection
EndGlobal
