
Microsoft Visual Studio Solution File, Format Version 12.00
# Visual Studio Version 16
VisualStudioVersion = 16.0.30011.22
MinimumVisualStudioVersion = 10.0.40219.1
Project("{8BC9CEB8-8B4A-11D0-8D11-00A0C91BC942}") = "126_单词接龙II", "126_单词接龙II.vcxproj", "{28D1B801-4D9E-478A-B641-CD44A61CEA93}"
EndProject
Global
	GlobalSection(SolutionConfigurationPlatforms) = preSolution
		Debug|x64 = Debug|x64
		Debug|x86 = Debug|x86
		Release|x64 = Release|x64
		Release|x86 = Release|x86
	EndGlobalSection
	GlobalSection(ProjectConfigurationPlatforms) = postSolution
		{28D1B801-4D9E-478A-B641-CD44A61CEA93}.Debug|x64.ActiveCfg = Debug|x64
		{28D1B801-4D9E-478A-B641-CD44A61CEA93}.Debug|x64.Build.0 = Debug|x64
		{28D1B801-4D9E-478A-B641-CD44A61CEA93}.Debug|x86.ActiveCfg = Debug|Win32
		{28D1B801-4D9E-478A-B641-CD44A61CEA93}.Debug|x86.Build.0 = Debug|Win32
		{28D1B801-4D9E-478A-B641-CD44A61CEA93}.Release|x64.ActiveCfg = Release|x64
		{28D1B801-4D9E-478A-B641-CD44A61CEA93}.Release|x64.Build.0 = Release|x64
		{28D1B801-4D9E-478A-B641-CD44A61CEA93}.Release|x86.ActiveCfg = Release|Win32
		{28D1B801-4D9E-478A-B641-CD44A61CEA93}.Release|x86.Build.0 = Release|Win32
	EndGlobalSection
	GlobalSection(SolutionProperties) = preSolution
		HideSolutionNode = FALSE
	EndGlobalSection
	GlobalSection(ExtensibilityGlobals) = postSolution
		SolutionGuid = {A5B272B8-6D44-4E01-BA35-B639FB4F045A}
	EndGlobalSection
EndGlobal
