
Microsoft Visual Studio Solution File, Format Version 12.00
# Visual Studio Version 16
VisualStudioVersion = 16.0.30011.22
MinimumVisualStudioVersion = 10.0.40219.1
Project("{8BC9CEB8-8B4A-11D0-8D11-00A0C91BC942}") = "面试题_数组中数字出现的次数II", "面试题_数组中数字出现的次数II.vcxproj", "{59393ED1-F10E-4DDD-BEE4-15FEAE543ED6}"
EndProject
Global
	GlobalSection(SolutionConfigurationPlatforms) = preSolution
		Debug|x64 = Debug|x64
		Debug|x86 = Debug|x86
		Release|x64 = Release|x64
		Release|x86 = Release|x86
	EndGlobalSection
	GlobalSection(ProjectConfigurationPlatforms) = postSolution
		{59393ED1-F10E-4DDD-BEE4-15FEAE543ED6}.Debug|x64.ActiveCfg = Debug|x64
		{59393ED1-F10E-4DDD-BEE4-15FEAE543ED6}.Debug|x64.Build.0 = Debug|x64
		{59393ED1-F10E-4DDD-BEE4-15FEAE543ED6}.Debug|x86.ActiveCfg = Debug|Win32
		{59393ED1-F10E-4DDD-BEE4-15FEAE543ED6}.Debug|x86.Build.0 = Debug|Win32
		{59393ED1-F10E-4DDD-BEE4-15FEAE543ED6}.Release|x64.ActiveCfg = Release|x64
		{59393ED1-F10E-4DDD-BEE4-15FEAE543ED6}.Release|x64.Build.0 = Release|x64
		{59393ED1-F10E-4DDD-BEE4-15FEAE543ED6}.Release|x86.ActiveCfg = Release|Win32
		{59393ED1-F10E-4DDD-BEE4-15FEAE543ED6}.Release|x86.Build.0 = Release|Win32
	EndGlobalSection
	GlobalSection(SolutionProperties) = preSolution
		HideSolutionNode = FALSE
	EndGlobalSection
	GlobalSection(ExtensibilityGlobals) = postSolution
		SolutionGuid = {75C37400-DAA2-4D49-9054-B342BC242278}
	EndGlobalSection
EndGlobal
