
Microsoft Visual Studio Solution File, Format Version 12.00
# Visual Studio Version 16
VisualStudioVersion = 16.0.30011.22
MinimumVisualStudioVersion = 10.0.40219.1
Project("{8BC9CEB8-8B4A-11D0-8D11-00A0C91BC942}") = "剑指Offer_表示数值的字符串", "剑指Offer_表示数值的字符串.vcxproj", "{AB854191-2078-4432-8ED0-FCE404B4CB74}"
EndProject
Global
	GlobalSection(SolutionConfigurationPlatforms) = preSolution
		Debug|x64 = Debug|x64
		Debug|x86 = Debug|x86
		Release|x64 = Release|x64
		Release|x86 = Release|x86
	EndGlobalSection
	GlobalSection(ProjectConfigurationPlatforms) = postSolution
		{AB854191-2078-4432-8ED0-FCE404B4CB74}.Debug|x64.ActiveCfg = Debug|x64
		{AB854191-2078-4432-8ED0-FCE404B4CB74}.Debug|x64.Build.0 = Debug|x64
		{AB854191-2078-4432-8ED0-FCE404B4CB74}.Debug|x86.ActiveCfg = Debug|Win32
		{AB854191-2078-4432-8ED0-FCE404B4CB74}.Debug|x86.Build.0 = Debug|Win32
		{AB854191-2078-4432-8ED0-FCE404B4CB74}.Release|x64.ActiveCfg = Release|x64
		{AB854191-2078-4432-8ED0-FCE404B4CB74}.Release|x64.Build.0 = Release|x64
		{AB854191-2078-4432-8ED0-FCE404B4CB74}.Release|x86.ActiveCfg = Release|Win32
		{AB854191-2078-4432-8ED0-FCE404B4CB74}.Release|x86.Build.0 = Release|Win32
	EndGlobalSection
	GlobalSection(SolutionProperties) = preSolution
		HideSolutionNode = FALSE
	EndGlobalSection
	GlobalSection(ExtensibilityGlobals) = postSolution
		SolutionGuid = {1D91C42A-A6E7-40F9-8DC6-4542D4A70C95}
	EndGlobalSection
EndGlobal
