
Microsoft Visual Studio Solution File, Format Version 12.00
# Visual Studio Version 16
VisualStudioVersion = 16.0.30011.22
MinimumVisualStudioVersion = 10.0.40219.1
Project("{8BC9CEB8-8B4A-11D0-8D11-00A0C91BC942}") = "179_最大数", "179_最大数.vcxproj", "{6121F072-EDD0-40EF-9B5C-DFB7C1BDBD60}"
EndProject
Global
	GlobalSection(SolutionConfigurationPlatforms) = preSolution
		Debug|x64 = Debug|x64
		Debug|x86 = Debug|x86
		Release|x64 = Release|x64
		Release|x86 = Release|x86
	EndGlobalSection
	GlobalSection(ProjectConfigurationPlatforms) = postSolution
		{6121F072-EDD0-40EF-9B5C-DFB7C1BDBD60}.Debug|x64.ActiveCfg = Debug|x64
		{6121F072-EDD0-40EF-9B5C-DFB7C1BDBD60}.Debug|x64.Build.0 = Debug|x64
		{6121F072-EDD0-40EF-9B5C-DFB7C1BDBD60}.Debug|x86.ActiveCfg = Debug|Win32
		{6121F072-EDD0-40EF-9B5C-DFB7C1BDBD60}.Debug|x86.Build.0 = Debug|Win32
		{6121F072-EDD0-40EF-9B5C-DFB7C1BDBD60}.Release|x64.ActiveCfg = Release|x64
		{6121F072-EDD0-40EF-9B5C-DFB7C1BDBD60}.Release|x64.Build.0 = Release|x64
		{6121F072-EDD0-40EF-9B5C-DFB7C1BDBD60}.Release|x86.ActiveCfg = Release|Win32
		{6121F072-EDD0-40EF-9B5C-DFB7C1BDBD60}.Release|x86.Build.0 = Release|Win32
	EndGlobalSection
	GlobalSection(SolutionProperties) = preSolution
		HideSolutionNode = FALSE
	EndGlobalSection
	GlobalSection(ExtensibilityGlobals) = postSolution
		SolutionGuid = {D7257B3F-2712-4C2B-AD51-801A04B971B7}
	EndGlobalSection
EndGlobal
