
Microsoft Visual Studio Solution File, Format Version 12.00
# Visual Studio Version 16
VisualStudioVersion = 16.0.30011.22
MinimumVisualStudioVersion = 10.0.40219.1
Project("{8BC9CEB8-8B4A-11D0-8D11-00A0C91BC942}") = "面试题16.25_LRU缓存", "面试题16.25_LRU缓存.vcxproj", "{801B47F7-A23A-47B1-9AE5-EFCA79788644}"
EndProject
Global
	GlobalSection(SolutionConfigurationPlatforms) = preSolution
		Debug|x64 = Debug|x64
		Debug|x86 = Debug|x86
		Release|x64 = Release|x64
		Release|x86 = Release|x86
	EndGlobalSection
	GlobalSection(ProjectConfigurationPlatforms) = postSolution
		{801B47F7-A23A-47B1-9AE5-EFCA79788644}.Debug|x64.ActiveCfg = Debug|x64
		{801B47F7-A23A-47B1-9AE5-EFCA79788644}.Debug|x64.Build.0 = Debug|x64
		{801B47F7-A23A-47B1-9AE5-EFCA79788644}.Debug|x86.ActiveCfg = Debug|Win32
		{801B47F7-A23A-47B1-9AE5-EFCA79788644}.Debug|x86.Build.0 = Debug|Win32
		{801B47F7-A23A-47B1-9AE5-EFCA79788644}.Release|x64.ActiveCfg = Release|x64
		{801B47F7-A23A-47B1-9AE5-EFCA79788644}.Release|x64.Build.0 = Release|x64
		{801B47F7-A23A-47B1-9AE5-EFCA79788644}.Release|x86.ActiveCfg = Release|Win32
		{801B47F7-A23A-47B1-9AE5-EFCA79788644}.Release|x86.Build.0 = Release|Win32
	EndGlobalSection
	GlobalSection(SolutionProperties) = preSolution
		HideSolutionNode = FALSE
	EndGlobalSection
	GlobalSection(ExtensibilityGlobals) = postSolution
		SolutionGuid = {2C978B61-4067-42F6-A8F9-327B530E55F2}
	EndGlobalSection
EndGlobal
